
Microsoft Visual Studio Solution File, Format Version 12.00
# Visual Studio Version 17
VisualStudioVersion = 17.0.31903.59
MinimumVisualStudioVersion = 10.0.40219.1
Project("{FAE04EC0-301F-11D3-BF4B-00C04F79EFBC}") = "PruebasGit", "PruebasGit\PruebasGit.csproj", "{D3263D50-AECC-493F-82C1-57EC89A0F1DE}"
EndProject
Global
	GlobalSection(SolutionConfigurationPlatforms) = preSolution
		Debug|Any CPU = Debug|Any CPU
		Release|Any CPU = Release|Any CPU
	EndGlobalSection
	GlobalSection(ProjectConfigurationPlatforms) = postSolution
		{D3263D50-AECC-493F-82C1-57EC89A0F1DE}.Debug|Any CPU.ActiveCfg = Debug|Any CPU
		{D3263D50-AECC-493F-82C1-57EC89A0F1DE}.Debug|Any CPU.Build.0 = Debug|Any CPU
		{D3263D50-AECC-493F-82C1-57EC89A0F1DE}.Release|Any CPU.ActiveCfg = Release|Any CPU
		{D3263D50-AECC-493F-82C1-57EC89A0F1DE}.Release|Any CPU.Build.0 = Release|Any CPU
	EndGlobalSection
	GlobalSection(SolutionProperties) = preSolution
		HideSolutionNode = FALSE
	EndGlobalSection
	GlobalSection(ExtensibilityGlobals) = postSolution
		SolutionGuid = {38D1597E-C91E-4D01-BC33-0DCBF0E0EE36}
	EndGlobalSection
EndGlobal
